
Microsoft Visual Studio Solution File, Format Version 12.00
# Visual Studio Version 16
VisualStudioVersion = 16.0.32802.440
MinimumVisualStudioVersion = 10.0.40219.1
Project("{FAE04EC0-301F-11D3-BF4B-00C04F79EFBC}") = "lab8", "lab8\lab8.csproj", "{FB43666F-C0C6-4D79-8A2A-0BA0C28CA0D7}"
EndProject
Global
	GlobalSection(SolutionConfigurationPlatforms) = preSolution
		Debug|Any CPU = Debug|Any CPU
		Release|Any CPU = Release|Any CPU
	EndGlobalSection
	GlobalSection(ProjectConfigurationPlatforms) = postSolution
		{FB43666F-C0C6-4D79-8A2A-0BA0C28CA0D7}.Debug|Any CPU.ActiveCfg = Debug|Any CPU
		{FB43666F-C0C6-4D79-8A2A-0BA0C28CA0D7}.Debug|Any CPU.Build.0 = Debug|Any CPU
		{FB43666F-C0C6-4D79-8A2A-0BA0C28CA0D7}.Release|Any CPU.ActiveCfg = Release|Any CPU
		{FB43666F-C0C6-4D79-8A2A-0BA0C28CA0D7}.Release|Any CPU.Build.0 = Release|Any CPU
	EndGlobalSection
	GlobalSection(SolutionProperties) = preSolution
		HideSolutionNode = FALSE
	EndGlobalSection
	GlobalSection(ExtensibilityGlobals) = postSolution
		SolutionGuid = {E0024D05-88C8-43B9-90A6-A898A62EF657}
	EndGlobalSection
EndGlobal
